{
  "nodes": {
    "flake-compat": {
      "flake": false,
      "locked": {
        "lastModified": 1732722421,
        "narHash": "sha256-HRJ/18p+WoXpWJkcdsk9St5ZiukCqSDgbOGFa8Okehg=",
        "owner": "edolstra",
        "repo": "flake-compat",
        "rev": "9ed2ac151eada2306ca8c418ebd97807bb08f6ac",
        "type": "github"
      },
      "original": {
        "owner": "edolstra",
        "repo": "flake-compat",
        "type": "github"
      }
    },
    "flake-utils": {
      "inputs": {
        "systems": "systems"
      },
      "locked": {
        "lastModified": 1731533236,
        "narHash": "sha256-l0KFg5HjrsfsO/JpG+r7fRrqm12kzFHyUHqHCVpMMbI=",
        "owner": "numtide",
        "repo": "flake-utils",
        "rev": "11707dc2f618dd54ca8739b309ec4fc024de578b",
        "type": "github"
      },
      "original": {
        "owner": "numtide",
        "repo": "flake-utils",
        "type": "github"
      }
    },
    "mkdncss": {
      "flake": false,
      "locked": {
        "lastModified": 1758099767,
        "narHash": "sha256-Y0rzSAYujaSc0HcWUES3AhCtnniSNhwv+Th5PSMgaZ4=",
        "owner": "sindresorhus",
        "repo": "github-markdown-css",
        "rev": "3a4131b60568f8c0a1dccd9f35f2afb9046d78ae",
        "type": "github"
      },
      "original": {
        "owner": "sindresorhus",
        "repo": "github-markdown-css",
        "type": "github"
      }
    },
    "mkdncss2": {
      "flake": false,
      "locked": {
        "lastModified": 1696056868,
        "narHash": "sha256-KW90PICXohC6uPoFty9OpN+jUgNuS2hJCpiSCAWzAU0=",
        "owner": "jez",
        "repo": "pandoc-markdown-css-theme",
        "rev": "67c1d1cb8ac81b6cbb4144cc24ae429a195f0fca",
        "type": "github"
      },
      "original": {
        "owner": "jez",
        "repo": "pandoc-markdown-css-theme",
        "type": "github"
      }
    },
    "n2l": {
      "locked": {
        "lastModified": 1748756411,
        "narHash": "sha256-jmfRRsxCVV+/2KnDVrMG/RBKFOARDpSrYICqQ6vnSjw=",
        "owner": "BirdeeHub",
        "repo": "nixToLua",
        "rev": "a701038ccfe76833f678e3c643a2b0f4291c1cea",
        "type": "github"
      },
      "original": {
        "owner": "BirdeeHub",
        "repo": "nixToLua",
        "type": "github"
      }
    },
    "nixCats": {
      "locked": {
        "lastModified": 1762179093,
        "narHash": "sha256-3VfpsZwi9GGg1J0lR+epW+yQMevZDTUqUOM2re3N+50=",
        "owner": "BirdeeHub",
        "repo": "nixCats-nvim",
        "rev": "946e0f530d5de3395cbcb07942e73b398c1c3cf4",
        "type": "github"
      },
      "original": {
        "owner": "BirdeeHub",
        "repo": "nixCats-nvim",
        "type": "github"
      }
    },
    "nixdoc": {
      "inputs": {
        "flake-compat": "flake-compat",
        "flake-utils": "flake-utils",
        "nixpkgs": "nixpkgs"
      },
      "locked": {
        "lastModified": 1739309647,
        "narHash": "sha256-7UOjmW8Ef4mEvj7SINaKWh2ZuyNMVEXB82mtuZTQiPA=",
        "owner": "nix-community",
        "repo": "nixdoc",
        "rev": "ec8f03b6bf8cbd39be0b81673b1038e11b34a0d7",
        "type": "github"
      },
      "original": {
        "owner": "nix-community",
        "repo": "nixdoc",
        "type": "github"
      }
    },
    "nixpkgs": {
      "locked": {
        "lastModified": 1733024928,
        "narHash": "sha256-n/DOfpKH1vkukuBnach91QBQId2dr5tkE7/7UrkV2zw=",
        "owner": "NixOS",
        "repo": "nixpkgs",
        "rev": "2c27ab2e60502d1ebb7cf38909de38663f762a79",
        "type": "github"
      },
      "original": {
        "owner": "NixOS",
        "ref": "nixpkgs-unstable",
        "repo": "nixpkgs",
        "type": "github"
      }
    },
    "nixpkgs_2": {
      "locked": {
        "lastModified": 1761349956,
        "narHash": "sha256-tH3wHnOJms+U4k/rK2Nn1RfBrhffX92jLP/2VndSn0w=",
        "owner": "nixos",
        "repo": "nixpkgs",
        "rev": "02f2cb8e0feb4596d20cc52fda73ccee960e3538",
        "type": "github"
      },
      "original": {
        "owner": "nixos",
        "ref": "nixpkgs-unstable",
        "repo": "nixpkgs",
        "type": "github"
      }
    },
    "nixpkgs_3": {
      "locked": {
        "lastModified": 1760596604,
        "narHash": "sha256-J/i5K6AAz/y5dBePHQOuzC7MbhyTOKsd/GLezSbEFiM=",
        "owner": "nixos",
        "repo": "nixpkgs",
        "rev": "3cbe716e2346710d6e1f7c559363d14e11c32a43",
        "type": "github"
      },
      "original": {
        "owner": "nixos",
        "ref": "nixpkgs-unstable",
        "repo": "nixpkgs",
        "type": "github"
      }
    },
    "root": {
      "inputs": {
        "mkdncss": "mkdncss",
        "mkdncss2": "mkdncss2",
        "nixCats": "nixCats",
        "nixdoc": "nixdoc",
        "nixpkgs": "nixpkgs_2",
        "shelua": "shelua"
      }
    },
    "shelua": {
      "inputs": {
        "n2l": "n2l",
        "nixpkgs": "nixpkgs_3"
      },
      "locked": {
        "lastModified": 1761026580,
        "narHash": "sha256-jcQB5er5z0ChKtGd7pRP5gTv0bZLUTCrkR/yEspe+6s=",
        "owner": "BirdeeHub",
        "repo": "shelua",
        "rev": "68328393a7936b9ec86e07ac99bdf686a36e08d1",
        "type": "github"
      },
      "original": {
        "owner": "BirdeeHub",
        "repo": "shelua",
        "type": "github"
      }
    },
    "systems": {
      "locked": {
        "lastModified": 1681028828,
        "narHash": "sha256-Vy1rq5AaRuLzOxct8nz4T6wlgyUR7zLU309k9mBC768=",
        "owner": "nix-systems",
        "repo": "default",
        "rev": "da67096a3b9bf56a91d16901293e51ba5b49a27e",
        "type": "github"
      },
      "original": {
        "owner": "nix-systems",
        "repo": "default",
        "type": "github"
      }
    }
  },
  "root": "root",
  "version": 7
}
