{
  "nodes": {
    "mkdncss": {
      "flake": false,
      "locked": {
        "lastModified": 1771226910,
        "narHash": "sha256-IMDqwFC08vmWT+Gm/oYKSqtdrmYSJDo0Z47EvW0o4gY=",
        "owner": "sindresorhus",
        "repo": "github-markdown-css",
        "rev": "e49401776c9d581ad42367fc4ea3d677d13e2e39",
        "type": "github"
      },
      "original": {
        "owner": "sindresorhus",
        "repo": "github-markdown-css",
        "type": "github"
      }
    },
    "mkdncss2": {
      "flake": false,
      "locked": {
        "lastModified": 1767666579,
        "narHash": "sha256-LmTlEl30bP44T+P1a/5Q1VoizwnawW8Wkvhkx8zIkWI=",
        "owner": "jez",
        "repo": "pandoc-markdown-css-theme",
        "rev": "a8046cc48ed68d219206d98ebb5604cc09104096",
        "type": "github"
      },
      "original": {
        "owner": "jez",
        "repo": "pandoc-markdown-css-theme",
        "type": "github"
      }
    },
    "nixCats": {
      "locked": {
        "lastModified": 1777273601,
        "narHash": "sha256-xBUa8Tl9V7IXI+VmLEuDc81La/EhoSn1C3EVSnJ3cfU=",
        "owner": "BirdeeHub",
        "repo": "nixCats-nvim",
        "rev": "f69ea013e328841a7def7037ed59788a76be8816",
        "type": "github"
      },
      "original": {
        "owner": "BirdeeHub",
        "repo": "nixCats-nvim",
        "type": "github"
      }
    },
    "nixpkgs": {
      "locked": {
        "lastModified": 1778869304,
        "narHash": "sha256-30sZNZoA1cqF5JNO9fVX+wgiQYjB7HJqqJ4ztCDeBZE=",
        "owner": "nixos",
        "repo": "nixpkgs",
        "rev": "d233902339c02a9c334e7e593de68855ad26c4cb",
        "type": "github"
      },
      "original": {
        "owner": "nixos",
        "ref": "nixpkgs-unstable",
        "repo": "nixpkgs",
        "type": "github"
      }
    },
    "nixpkgs_2": {
      "locked": {
        "lastModified": 1778458615,
        "narHash": "sha256-cY07EsdhBJ8tFXPzDYevgqxRev9ZLxFonuq9wmq5kwg=",
        "owner": "nixos",
        "repo": "nixpkgs",
        "rev": "c6e5ca3c836a5f4dd9af9f2c1fc1c38f0fac988a",
        "type": "github"
      },
      "original": {
        "owner": "nixos",
        "ref": "nixpkgs-unstable",
        "repo": "nixpkgs",
        "type": "github"
      }
    },
    "root": {
      "inputs": {
        "mkdncss": "mkdncss",
        "mkdncss2": "mkdncss2",
        "nixCats": "nixCats",
        "nixpkgs": "nixpkgs",
        "shelua": "shelua"
      }
    },
    "shelua": {
      "inputs": {
        "nixpkgs": "nixpkgs_2"
      },
      "locked": {
        "lastModified": 1778900241,
        "narHash": "sha256-WVP9sxYU8oOjIx7AgAcirGH2arY2XXqyIuMSH+w0Qmo=",
        "owner": "BirdeeHub",
        "repo": "shelua",
        "rev": "77d96832e30813c2e5d5a49507ad662bc52b03a0",
        "type": "github"
      },
      "original": {
        "owner": "BirdeeHub",
        "repo": "shelua",
        "type": "github"
      }
    }
  },
  "root": "root",
  "version": 7
}
